
Microsoft Visual Studio Solution File, Format Version 12.00
# Visual Studio 15
VisualStudioVersion = 15.0.27703.2035
MinimumVisualStudioVersion = 10.0.40219.1
Project("{FAE04EC0-301F-11D3-BF4B-00C04F79EFBC}") = "TreinamentoAutomacao", "DesafioCristiano\TreinamentoAutomacao.csproj", "{0658522C-74A4-4A9A-9B14-8C908E08F3BC}"
EndProject
Project("{FAE04EC0-301F-11D3-BF4B-00C04F79EFBC}") = "TreinamentoAutomacao.Automation", "TreinamentoAutomacao.Automation\TreinamentoAutomacao.Automation.csproj", "{0327C1E5-D826-4854-A197-402B71A6FBFD}"
EndProject
Global
	GlobalSection(SolutionConfigurationPlatforms) = preSolution
		Debug|Any CPU = Debug|Any CPU
		Release|Any CPU = Release|Any CPU
	EndGlobalSection
	GlobalSection(ProjectConfigurationPlatforms) = postSolution
		{0658522C-74A4-4A9A-9B14-8C908E08F3BC}.Debug|Any CPU.ActiveCfg = Debug|Any CPU
		{0658522C-74A4-4A9A-9B14-8C908E08F3BC}.Debug|Any CPU.Build.0 = Debug|Any CPU
		{0658522C-74A4-4A9A-9B14-8C908E08F3BC}.Release|Any CPU.ActiveCfg = Release|Any CPU
		{0658522C-74A4-4A9A-9B14-8C908E08F3BC}.Release|Any CPU.Build.0 = Release|Any CPU
		{0327C1E5-D826-4854-A197-402B71A6FBFD}.Debug|Any CPU.ActiveCfg = Debug|Any CPU
		{0327C1E5-D826-4854-A197-402B71A6FBFD}.Debug|Any CPU.Build.0 = Debug|Any CPU
		{0327C1E5-D826-4854-A197-402B71A6FBFD}.Release|Any CPU.ActiveCfg = Release|Any CPU
		{0327C1E5-D826-4854-A197-402B71A6FBFD}.Release|Any CPU.Build.0 = Release|Any CPU
	EndGlobalSection
	GlobalSection(SolutionProperties) = preSolution
		HideSolutionNode = FALSE
	EndGlobalSection
	GlobalSection(ExtensibilityGlobals) = postSolution
		SolutionGuid = {78CD0AC3-01F6-457A-835E-5C24D96EDC92}
	EndGlobalSection
EndGlobal
